
Microsoft Visual Studio Solution File, Format Version 12.00
# Visual Studio Version 17
VisualStudioVersion = 17.5.33627.172
MinimumVisualStudioVersion = 10.0.40219.1
Project("{9A19103F-16F7-4668-BE54-9A1E7A4F7556}") = "RandomStringGenerator", "RandomStringGenerator\RandomStringGenerator.csproj", "{C3309466-4957-4306-B7F4-3BE1A407147B}"
EndProject
Project("{2150E333-8FDC-42A3-9474-1A3956D46DE8}") = "Solution Items", "Solution Items", "{0A0A49E3-D907-49F8-B132-77D20D2AA73E}"
	ProjectSection(SolutionItems) = preProject
		License.md = License.md
		Readme.md = Readme.md
	EndProjectSection
EndProject
Global
	GlobalSection(SolutionConfigurationPlatforms) = preSolution
		Debug|Any CPU = Debug|Any CPU
		Release|Any CPU = Release|Any CPU
	EndGlobalSection
	GlobalSection(ProjectConfigurationPlatforms) = postSolution
		{C3309466-4957-4306-B7F4-3BE1A407147B}.Debug|Any CPU.ActiveCfg = Debug|Any CPU
		{C3309466-4957-4306-B7F4-3BE1A407147B}.Debug|Any CPU.Build.0 = Debug|Any CPU
		{C3309466-4957-4306-B7F4-3BE1A407147B}.Release|Any CPU.ActiveCfg = Release|Any CPU
		{C3309466-4957-4306-B7F4-3BE1A407147B}.Release|Any CPU.Build.0 = Release|Any CPU
	EndGlobalSection
	GlobalSection(SolutionProperties) = preSolution
		HideSolutionNode = FALSE
	EndGlobalSection
	GlobalSection(ExtensibilityGlobals) = postSolution
		SolutionGuid = {733D4F0D-5DAE-4F7E-A738-5534113EE326}
	EndGlobalSection
EndGlobal
